
Microsoft Visual Studio Solution File, Format Version 12.00
# Visual Studio 2012
Project("{2150E333-8FDC-42A3-9474-1A3956D46DE8}") = "Library", "Library", "{CBB635E6-232F-4211-AF59-910F72F9116D}"
EndProject
Project("{2150E333-8FDC-42A3-9474-1A3956D46DE8}") = "Demo", "Demo", "{D11E998D-3D2A-4F4B-9E46-FC3430F53053}"
EndProject
Project("{FAE04EC0-301F-11D3-BF4B-00C04F79EFBC}") = "WPFDemo", "Demo\WPFDemo\WPFDemo.csproj", "{F2CA0C6B-D849-4CF9-AE5D-369A2BE4D9BD}"
EndProject
Project("{FAE04EC0-301F-11D3-BF4B-00C04F79EFBC}") = "LightRiver", "Library\LightRiver\LightRiver.csproj", "{5DA5796C-B6A8-453A-9E65-D00FE5271C2D}"
EndProject
Project("{FAE04EC0-301F-11D3-BF4B-00C04F79EFBC}") = "WindowsStoreDemo", "Demo\WindowsStoreDemo\WindowsStoreDemo.csproj", "{3AF249FB-99DA-4032-A009-B9CD8EAD020A}"
EndProject
Project("{FAE04EC0-301F-11D3-BF4B-00C04F79EFBC}") = "WindowsPhoneDemo", "Demo\WindowsPhoneDemo\WindowsPhoneDemo.csproj", "{9B90A480-7D07-464F-8E05-74BFA4E1D15E}"
EndProject
Project("{2150E333-8FDC-42A3-9474-1A3956D46DE8}") = "Platform", "Platform", "{922B5A81-528A-435A-BF9C-93752FDBD41C}"
EndProject
Project("{FAE04EC0-301F-11D3-BF4B-00C04F79EFBC}") = "LightRiver.WindowsStore", "Platform\LightRiver.WindowsStore\LightRiver.WindowsStore.csproj", "{96BA485C-43F6-4C54-8543-EE6D6F109FB3}"
EndProject
Project("{FAE04EC0-301F-11D3-BF4B-00C04F79EFBC}") = "LightRiver.WindowsDesktop", "Platform\LightRiver.WindowsDesktop\LightRiver.WindowsDesktop.csproj", "{2CEB68A5-7D36-45F9-9627-8880ED72DB81}"
EndProject
Project("{2150E333-8FDC-42A3-9474-1A3956D46DE8}") = "AppLibrary", "AppLibrary", "{4D96A97A-C4B1-4CD1-8B12-D046AB4598D2}"
EndProject
Project("{FAE04EC0-301F-11D3-BF4B-00C04F79EFBC}") = "DemoAppLibrary", "AppLibrary\DemoAppLibrary\DemoAppLibrary.csproj", "{916532BF-B347-42BB-9679-69D89BD9A7E7}"
EndProject
Project("{FAE04EC0-301F-11D3-BF4B-00C04F79EFBC}") = "LightRiver.WindowsPhone", "Platform\LightRiver.WindowsPhone\LightRiver.WindowsPhone.csproj", "{7187CBC4-DB32-4BD0-8254-B1E31064AC13}"
EndProject
Global
	GlobalSection(SolutionConfigurationPlatforms) = preSolution
		Debug|Any CPU = Debug|Any CPU
		Debug|ARM = Debug|ARM
		Debug|x64 = Debug|x64
		Debug|x86 = Debug|x86
		Release|Any CPU = Release|Any CPU
		Release|ARM = Release|ARM
		Release|x64 = Release|x64
		Release|x86 = Release|x86
	EndGlobalSection
	GlobalSection(ProjectConfigurationPlatforms) = postSolution
		{F2CA0C6B-D849-4CF9-AE5D-369A2BE4D9BD}.Debug|Any CPU.ActiveCfg = Debug|Any CPU
		{F2CA0C6B-D849-4CF9-AE5D-369A2BE4D9BD}.Debug|Any CPU.Build.0 = Debug|Any CPU
		{F2CA0C6B-D849-4CF9-AE5D-369A2BE4D9BD}.Debug|ARM.ActiveCfg = Debug|Any CPU
		{F2CA0C6B-D849-4CF9-AE5D-369A2BE4D9BD}.Debug|x64.ActiveCfg = Debug|Any CPU
		{F2CA0C6B-D849-4CF9-AE5D-369A2BE4D9BD}.Debug|x86.ActiveCfg = Debug|Any CPU
		{F2CA0C6B-D849-4CF9-AE5D-369A2BE4D9BD}.Release|Any CPU.ActiveCfg = Release|Any CPU
		{F2CA0C6B-D849-4CF9-AE5D-369A2BE4D9BD}.Release|Any CPU.Build.0 = Release|Any CPU
		{F2CA0C6B-D849-4CF9-AE5D-369A2BE4D9BD}.Release|ARM.ActiveCfg = Release|Any CPU
		{F2CA0C6B-D849-4CF9-AE5D-369A2BE4D9BD}.Release|x64.ActiveCfg = Release|Any CPU
		{F2CA0C6B-D849-4CF9-AE5D-369A2BE4D9BD}.Release|x86.ActiveCfg = Release|Any CPU
		{5DA5796C-B6A8-453A-9E65-D00FE5271C2D}.Debug|Any CPU.ActiveCfg = Debug|Any CPU
		{5DA5796C-B6A8-453A-9E65-D00FE5271C2D}.Debug|Any CPU.Build.0 = Debug|Any CPU
		{5DA5796C-B6A8-453A-9E65-D00FE5271C2D}.Debug|ARM.ActiveCfg = Debug|Any CPU
		{5DA5796C-B6A8-453A-9E65-D00FE5271C2D}.Debug|x64.ActiveCfg = Debug|Any CPU
		{5DA5796C-B6A8-453A-9E65-D00FE5271C2D}.Debug|x86.ActiveCfg = Debug|Any CPU
		{5DA5796C-B6A8-453A-9E65-D00FE5271C2D}.Release|Any CPU.ActiveCfg = Release|Any CPU
		{5DA5796C-B6A8-453A-9E65-D00FE5271C2D}.Release|Any CPU.Build.0 = Release|Any CPU
		{5DA5796C-B6A8-453A-9E65-D00FE5271C2D}.Release|ARM.ActiveCfg = Release|Any CPU
		{5DA5796C-B6A8-453A-9E65-D00FE5271C2D}.Release|x64.ActiveCfg = Release|Any CPU
		{5DA5796C-B6A8-453A-9E65-D00FE5271C2D}.Release|x86.ActiveCfg = Release|Any CPU
		{3AF249FB-99DA-4032-A009-B9CD8EAD020A}.Debug|Any CPU.ActiveCfg = Debug|Any CPU
		{3AF249FB-99DA-4032-A009-B9CD8EAD020A}.Debug|Any CPU.Build.0 = Debug|Any CPU
		{3AF249FB-99DA-4032-A009-B9CD8EAD020A}.Debug|Any CPU.Deploy.0 = Debug|Any CPU
		{3AF249FB-99DA-4032-A009-B9CD8EAD020A}.Debug|ARM.ActiveCfg = Debug|ARM
		{3AF249FB-99DA-4032-A009-B9CD8EAD020A}.Debug|ARM.Build.0 = Debug|ARM
		{3AF249FB-99DA-4032-A009-B9CD8EAD020A}.Debug|ARM.Deploy.0 = Debug|ARM
		{3AF249FB-99DA-4032-A009-B9CD8EAD020A}.Debug|x64.ActiveCfg = Debug|x64
		{3AF249FB-99DA-4032-A009-B9CD8EAD020A}.Debug|x64.Build.0 = Debug|x64
		{3AF249FB-99DA-4032-A009-B9CD8EAD020A}.Debug|x64.Deploy.0 = Debug|x64
		{3AF249FB-99DA-4032-A009-B9CD8EAD020A}.Debug|x86.ActiveCfg = Debug|x86
		{3AF249FB-99DA-4032-A009-B9CD8EAD020A}.Debug|x86.Build.0 = Debug|x86
		{3AF249FB-99DA-4032-A009-B9CD8EAD020A}.Debug|x86.Deploy.0 = Debug|x86
		{3AF249FB-99DA-4032-A009-B9CD8EAD020A}.Release|Any CPU.ActiveCfg = Release|Any CPU
		{3AF249FB-99DA-4032-A009-B9CD8EAD020A}.Release|Any CPU.Build.0 = Release|Any CPU
		{3AF249FB-99DA-4032-A009-B9CD8EAD020A}.Release|Any CPU.Deploy.0 = Release|Any CPU
		{3AF249FB-99DA-4032-A009-B9CD8EAD020A}.Release|ARM.ActiveCfg = Release|ARM
		{3AF249FB-99DA-4032-A009-B9CD8EAD020A}.Release|ARM.Build.0 = Release|ARM
		{3AF249FB-99DA-4032-A009-B9CD8EAD020A}.Release|ARM.Deploy.0 = Release|ARM
		{3AF249FB-99DA-4032-A009-B9CD8EAD020A}.Release|x64.ActiveCfg = Release|x64
		{3AF249FB-99DA-4032-A009-B9CD8EAD020A}.Release|x64.Build.0 = Release|x64
		{3AF249FB-99DA-4032-A009-B9CD8EAD020A}.Release|x64.Deploy.0 = Release|x64
		{3AF249FB-99DA-4032-A009-B9CD8EAD020A}.Release|x86.ActiveCfg = Release|x86
		{3AF249FB-99DA-4032-A009-B9CD8EAD020A}.Release|x86.Build.0 = Release|x86
		{3AF249FB-99DA-4032-A009-B9CD8EAD020A}.Release|x86.Deploy.0 = Release|x86
		{9B90A480-7D07-464F-8E05-74BFA4E1D15E}.Debug|Any CPU.ActiveCfg = Debug|Any CPU
		{9B90A480-7D07-464F-8E05-74BFA4E1D15E}.Debug|Any CPU.Build.0 = Debug|Any CPU
		{9B90A480-7D07-464F-8E05-74BFA4E1D15E}.Debug|Any CPU.Deploy.0 = Debug|Any CPU
		{9B90A480-7D07-464F-8E05-74BFA4E1D15E}.Debug|ARM.ActiveCfg = Debug|ARM
		{9B90A480-7D07-464F-8E05-74BFA4E1D15E}.Debug|ARM.Build.0 = Debug|ARM
		{9B90A480-7D07-464F-8E05-74BFA4E1D15E}.Debug|ARM.Deploy.0 = Debug|ARM
		{9B90A480-7D07-464F-8E05-74BFA4E1D15E}.Debug|x64.ActiveCfg = Debug|Any CPU
		{9B90A480-7D07-464F-8E05-74BFA4E1D15E}.Debug|x86.ActiveCfg = Debug|x86
		{9B90A480-7D07-464F-8E05-74BFA4E1D15E}.Debug|x86.Build.0 = Debug|x86
		{9B90A480-7D07-464F-8E05-74BFA4E1D15E}.Debug|x86.Deploy.0 = Debug|x86
		{9B90A480-7D07-464F-8E05-74BFA4E1D15E}.Release|Any CPU.ActiveCfg = Release|Any CPU
		{9B90A480-7D07-464F-8E05-74BFA4E1D15E}.Release|Any CPU.Build.0 = Release|Any CPU
		{9B90A480-7D07-464F-8E05-74BFA4E1D15E}.Release|Any CPU.Deploy.0 = Release|Any CPU
		{9B90A480-7D07-464F-8E05-74BFA4E1D15E}.Release|ARM.ActiveCfg = Release|ARM
		{9B90A480-7D07-464F-8E05-74BFA4E1D15E}.Release|ARM.Build.0 = Release|ARM
		{9B90A480-7D07-464F-8E05-74BFA4E1D15E}.Release|ARM.Deploy.0 = Release|ARM
		{9B90A480-7D07-464F-8E05-74BFA4E1D15E}.Release|x64.ActiveCfg = Release|Any CPU
		{9B90A480-7D07-464F-8E05-74BFA4E1D15E}.Release|x86.ActiveCfg = Release|x86
		{9B90A480-7D07-464F-8E05-74BFA4E1D15E}.Release|x86.Build.0 = Release|x86
		{9B90A480-7D07-464F-8E05-74BFA4E1D15E}.Release|x86.Deploy.0 = Release|x86
		{96BA485C-43F6-4C54-8543-EE6D6F109FB3}.Debug|Any CPU.ActiveCfg = Debug|Any CPU
		{96BA485C-43F6-4C54-8543-EE6D6F109FB3}.Debug|Any CPU.Build.0 = Debug|Any CPU
		{96BA485C-43F6-4C54-8543-EE6D6F109FB3}.Debug|ARM.ActiveCfg = Debug|ARM
		{96BA485C-43F6-4C54-8543-EE6D6F109FB3}.Debug|ARM.Build.0 = Debug|ARM
		{96BA485C-43F6-4C54-8543-EE6D6F109FB3}.Debug|x64.ActiveCfg = Debug|x64
		{96BA485C-43F6-4C54-8543-EE6D6F109FB3}.Debug|x64.Build.0 = Debug|x64
		{96BA485C-43F6-4C54-8543-EE6D6F109FB3}.Debug|x86.ActiveCfg = Debug|x86
		{96BA485C-43F6-4C54-8543-EE6D6F109FB3}.Debug|x86.Build.0 = Debug|x86
		{96BA485C-43F6-4C54-8543-EE6D6F109FB3}.Release|Any CPU.ActiveCfg = Release|Any CPU
		{96BA485C-43F6-4C54-8543-EE6D6F109FB3}.Release|Any CPU.Build.0 = Release|Any CPU
		{96BA485C-43F6-4C54-8543-EE6D6F109FB3}.Release|ARM.ActiveCfg = Release|ARM
		{96BA485C-43F6-4C54-8543-EE6D6F109FB3}.Release|ARM.Build.0 = Release|ARM
		{96BA485C-43F6-4C54-8543-EE6D6F109FB3}.Release|x64.ActiveCfg = Release|x64
		{96BA485C-43F6-4C54-8543-EE6D6F109FB3}.Release|x64.Build.0 = Release|x64
		{96BA485C-43F6-4C54-8543-EE6D6F109FB3}.Release|x86.ActiveCfg = Release|x86
		{96BA485C-43F6-4C54-8543-EE6D6F109FB3}.Release|x86.Build.0 = Release|x86
		{2CEB68A5-7D36-45F9-9627-8880ED72DB81}.Debug|Any CPU.ActiveCfg = Debug|Any CPU
		{2CEB68A5-7D36-45F9-9627-8880ED72DB81}.Debug|Any CPU.Build.0 = Debug|Any CPU
		{2CEB68A5-7D36-45F9-9627-8880ED72DB81}.Debug|ARM.ActiveCfg = Debug|Any CPU
		{2CEB68A5-7D36-45F9-9627-8880ED72DB81}.Debug|x64.ActiveCfg = Debug|Any CPU
		{2CEB68A5-7D36-45F9-9627-8880ED72DB81}.Debug|x86.ActiveCfg = Debug|Any CPU
		{2CEB68A5-7D36-45F9-9627-8880ED72DB81}.Release|Any CPU.ActiveCfg = Release|Any CPU
		{2CEB68A5-7D36-45F9-9627-8880ED72DB81}.Release|Any CPU.Build.0 = Release|Any CPU
		{2CEB68A5-7D36-45F9-9627-8880ED72DB81}.Release|ARM.ActiveCfg = Release|Any CPU
		{2CEB68A5-7D36-45F9-9627-8880ED72DB81}.Release|x64.ActiveCfg = Release|Any CPU
		{2CEB68A5-7D36-45F9-9627-8880ED72DB81}.Release|x86.ActiveCfg = Release|Any CPU
		{916532BF-B347-42BB-9679-69D89BD9A7E7}.Debug|Any CPU.ActiveCfg = Debug|Any CPU
		{916532BF-B347-42BB-9679-69D89BD9A7E7}.Debug|Any CPU.Build.0 = Debug|Any CPU
		{916532BF-B347-42BB-9679-69D89BD9A7E7}.Debug|ARM.ActiveCfg = Debug|Any CPU
		{916532BF-B347-42BB-9679-69D89BD9A7E7}.Debug|x64.ActiveCfg = Debug|Any CPU
		{916532BF-B347-42BB-9679-69D89BD9A7E7}.Debug|x86.ActiveCfg = Debug|Any CPU
		{916532BF-B347-42BB-9679-69D89BD9A7E7}.Release|Any CPU.ActiveCfg = Release|Any CPU
		{916532BF-B347-42BB-9679-69D89BD9A7E7}.Release|Any CPU.Build.0 = Release|Any CPU
		{916532BF-B347-42BB-9679-69D89BD9A7E7}.Release|ARM.ActiveCfg = Release|Any CPU
		{916532BF-B347-42BB-9679-69D89BD9A7E7}.Release|x64.ActiveCfg = Release|Any CPU
		{916532BF-B347-42BB-9679-69D89BD9A7E7}.Release|x86.ActiveCfg = Release|Any CPU
		{7187CBC4-DB32-4BD0-8254-B1E31064AC13}.Debug|Any CPU.ActiveCfg = Debug|Any CPU
		{7187CBC4-DB32-4BD0-8254-B1E31064AC13}.Debug|Any CPU.Build.0 = Debug|Any CPU
		{7187CBC4-DB32-4BD0-8254-B1E31064AC13}.Debug|ARM.ActiveCfg = Debug|ARM
		{7187CBC4-DB32-4BD0-8254-B1E31064AC13}.Debug|ARM.Build.0 = Debug|ARM
		{7187CBC4-DB32-4BD0-8254-B1E31064AC13}.Debug|x64.ActiveCfg = Debug|Any CPU
		{7187CBC4-DB32-4BD0-8254-B1E31064AC13}.Debug|x86.ActiveCfg = Debug|x86
		{7187CBC4-DB32-4BD0-8254-B1E31064AC13}.Debug|x86.Build.0 = Debug|x86
		{7187CBC4-DB32-4BD0-8254-B1E31064AC13}.Release|Any CPU.ActiveCfg = Release|Any CPU
		{7187CBC4-DB32-4BD0-8254-B1E31064AC13}.Release|Any CPU.Build.0 = Release|Any CPU
		{7187CBC4-DB32-4BD0-8254-B1E31064AC13}.Release|ARM.ActiveCfg = Release|ARM
		{7187CBC4-DB32-4BD0-8254-B1E31064AC13}.Release|ARM.Build.0 = Release|ARM
		{7187CBC4-DB32-4BD0-8254-B1E31064AC13}.Release|x64.ActiveCfg = Release|Any CPU
		{7187CBC4-DB32-4BD0-8254-B1E31064AC13}.Release|x86.ActiveCfg = Release|x86
		{7187CBC4-DB32-4BD0-8254-B1E31064AC13}.Release|x86.Build.0 = Release|x86
	EndGlobalSection
	GlobalSection(SolutionProperties) = preSolution
		HideSolutionNode = FALSE
	EndGlobalSection
	GlobalSection(NestedProjects) = preSolution
		{5DA5796C-B6A8-453A-9E65-D00FE5271C2D} = {CBB635E6-232F-4211-AF59-910F72F9116D}
		{F2CA0C6B-D849-4CF9-AE5D-369A2BE4D9BD} = {D11E998D-3D2A-4F4B-9E46-FC3430F53053}
		{3AF249FB-99DA-4032-A009-B9CD8EAD020A} = {D11E998D-3D2A-4F4B-9E46-FC3430F53053}
		{9B90A480-7D07-464F-8E05-74BFA4E1D15E} = {D11E998D-3D2A-4F4B-9E46-FC3430F53053}
		{96BA485C-43F6-4C54-8543-EE6D6F109FB3} = {922B5A81-528A-435A-BF9C-93752FDBD41C}
		{2CEB68A5-7D36-45F9-9627-8880ED72DB81} = {922B5A81-528A-435A-BF9C-93752FDBD41C}
		{7187CBC4-DB32-4BD0-8254-B1E31064AC13} = {922B5A81-528A-435A-BF9C-93752FDBD41C}
		{916532BF-B347-42BB-9679-69D89BD9A7E7} = {4D96A97A-C4B1-4CD1-8B12-D046AB4598D2}
	EndGlobalSection
EndGlobal
